
Microsoft Visual Studio Solution File, Format Version 12.00
# Visual Studio Version 17
VisualStudioVersion = 17.14.36518.9
MinimumVisualStudioVersion = 10.0.40219.1
Project("{FAE04EC0-301F-11D3-BF4B-00C04F79EFBC}") = "EPS.Discounts.Domain", "src\EPS.Discounts.Domain\EPS.Discounts.Domain.csproj", "{AD78A58D-DD67-43AA-8955-E0D0525F24D6}"
EndProject
Project("{FAE04EC0-301F-11D3-BF4B-00C04F79EFBC}") = "EPS.Discounts.Infrastructure", "src\EPS.Discounts.Infrastructure\EPS.Discounts.Infrastructure.csproj", "{775921E3-F4D9-4AD8-A1BF-9AFB42355BFD}"
EndProject
Project("{FAE04EC0-301F-11D3-BF4B-00C04F79EFBC}") = "EPS.Discounts.Application", "src\EPS.Discounts.Application\EPS.Discounts.Application.csproj", "{7EF33342-F180-4B37-B348-A9514D165AD0}"
EndProject
Project("{FAE04EC0-301F-11D3-BF4B-00C04F79EFBC}") = "EPS.Discounts.Tests", "tests\EPS.Discounts.Tests\EPS.Discounts.Tests.csproj", "{8F25456A-2FA0-4A71-B3C7-1B2DC094B187}"
EndProject
Project("{FAE04EC0-301F-11D3-BF4B-00C04F79EFBC}") = "EPS.Discounts.API", "src\EPS.Discounts.API\EPS.Discounts.API.csproj", "{BC86B33D-AAF8-4DE8-9F6C-B9B5307929C4}"
EndProject
Global
	GlobalSection(SolutionConfigurationPlatforms) = preSolution
		Debug|Any CPU = Debug|Any CPU
		Release|Any CPU = Release|Any CPU
	EndGlobalSection
	GlobalSection(ProjectConfigurationPlatforms) = postSolution
		{AD78A58D-DD67-43AA-8955-E0D0525F24D6}.Debug|Any CPU.ActiveCfg = Debug|Any CPU
		{AD78A58D-DD67-43AA-8955-E0D0525F24D6}.Debug|Any CPU.Build.0 = Debug|Any CPU
		{AD78A58D-DD67-43AA-8955-E0D0525F24D6}.Release|Any CPU.ActiveCfg = Release|Any CPU
		{AD78A58D-DD67-43AA-8955-E0D0525F24D6}.Release|Any CPU.Build.0 = Release|Any CPU
		{775921E3-F4D9-4AD8-A1BF-9AFB42355BFD}.Debug|Any CPU.ActiveCfg = Debug|Any CPU
		{775921E3-F4D9-4AD8-A1BF-9AFB42355BFD}.Debug|Any CPU.Build.0 = Debug|Any CPU
		{775921E3-F4D9-4AD8-A1BF-9AFB42355BFD}.Release|Any CPU.ActiveCfg = Release|Any CPU
		{775921E3-F4D9-4AD8-A1BF-9AFB42355BFD}.Release|Any CPU.Build.0 = Release|Any CPU
		{7EF33342-F180-4B37-B348-A9514D165AD0}.Debug|Any CPU.ActiveCfg = Debug|Any CPU
		{7EF33342-F180-4B37-B348-A9514D165AD0}.Debug|Any CPU.Build.0 = Debug|Any CPU
		{7EF33342-F180-4B37-B348-A9514D165AD0}.Release|Any CPU.ActiveCfg = Release|Any CPU
		{7EF33342-F180-4B37-B348-A9514D165AD0}.Release|Any CPU.Build.0 = Release|Any CPU
		{8F25456A-2FA0-4A71-B3C7-1B2DC094B187}.Debug|Any CPU.ActiveCfg = Debug|Any CPU
		{8F25456A-2FA0-4A71-B3C7-1B2DC094B187}.Debug|Any CPU.Build.0 = Debug|Any CPU
		{8F25456A-2FA0-4A71-B3C7-1B2DC094B187}.Release|Any CPU.ActiveCfg = Release|Any CPU
		{8F25456A-2FA0-4A71-B3C7-1B2DC094B187}.Release|Any CPU.Build.0 = Release|Any CPU
		{BC86B33D-AAF8-4DE8-9F6C-B9B5307929C4}.Debug|Any CPU.ActiveCfg = Debug|Any CPU
		{BC86B33D-AAF8-4DE8-9F6C-B9B5307929C4}.Debug|Any CPU.Build.0 = Debug|Any CPU
		{BC86B33D-AAF8-4DE8-9F6C-B9B5307929C4}.Release|Any CPU.ActiveCfg = Release|Any CPU
		{BC86B33D-AAF8-4DE8-9F6C-B9B5307929C4}.Release|Any CPU.Build.0 = Release|Any CPU
	EndGlobalSection
	GlobalSection(SolutionProperties) = preSolution
		HideSolutionNode = FALSE
	EndGlobalSection
	GlobalSection(ExtensibilityGlobals) = postSolution
		SolutionGuid = {D335E7CF-1270-4A7A-9754-240443A9870D}
	EndGlobalSection
EndGlobal
